
Microsoft Visual Studio Solution File, Format Version 12.00
# Visual Studio Version 16
VisualStudioVersion = 16.0.30320.27
MinimumVisualStudioVersion = 10.0.40219.1
Project("{FAE04EC0-301F-11D3-BF4B-00C04F79EFBC}") = "91 - Propriedades DateTime", "91 - Propriedades DateTime\91 - Propriedades DateTime.csproj", "{3BEFB0C7-0447-4A21-9D38-1C114E854899}"
EndProject
Global
	GlobalSection(SolutionConfigurationPlatforms) = preSolution
		Debug|Any CPU = Debug|Any CPU
		Release|Any CPU = Release|Any CPU
	EndGlobalSection
	GlobalSection(ProjectConfigurationPlatforms) = postSolution
		{3BEFB0C7-0447-4A21-9D38-1C114E854899}.Debug|Any CPU.ActiveCfg = Debug|Any CPU
		{3BEFB0C7-0447-4A21-9D38-1C114E854899}.Debug|Any CPU.Build.0 = Debug|Any CPU
		{3BEFB0C7-0447-4A21-9D38-1C114E854899}.Release|Any CPU.ActiveCfg = Release|Any CPU
		{3BEFB0C7-0447-4A21-9D38-1C114E854899}.Release|Any CPU.Build.0 = Release|Any CPU
	EndGlobalSection
	GlobalSection(SolutionProperties) = preSolution
		HideSolutionNode = FALSE
	EndGlobalSection
	GlobalSection(ExtensibilityGlobals) = postSolution
		SolutionGuid = {6CCFB04F-44FF-48D6-9A5A-AA539AB209D9}
	EndGlobalSection
EndGlobal
