
Microsoft Visual Studio Solution File, Format Version 12.00
# Visual Studio Version 16
VisualStudioVersion = 16.0.30320.27
MinimumVisualStudioVersion = 10.0.40219.1
Project("{FAE04EC0-301F-11D3-BF4B-00C04F79EFBC}") = "18 - Saida de dados", "18 - Saida de dados\18 - Saida de dados.csproj", "{F46D1411-28E0-4435-AB13-316EB19CD5A8}"
EndProject
Global
	GlobalSection(SolutionConfigurationPlatforms) = preSolution
		Debug|Any CPU = Debug|Any CPU
		Release|Any CPU = Release|Any CPU
	EndGlobalSection
	GlobalSection(ProjectConfigurationPlatforms) = postSolution
		{F46D1411-28E0-4435-AB13-316EB19CD5A8}.Debug|Any CPU.ActiveCfg = Debug|Any CPU
		{F46D1411-28E0-4435-AB13-316EB19CD5A8}.Debug|Any CPU.Build.0 = Debug|Any CPU
		{F46D1411-28E0-4435-AB13-316EB19CD5A8}.Release|Any CPU.ActiveCfg = Release|Any CPU
		{F46D1411-28E0-4435-AB13-316EB19CD5A8}.Release|Any CPU.Build.0 = Release|Any CPU
	EndGlobalSection
	GlobalSection(SolutionProperties) = preSolution
		HideSolutionNode = FALSE
	EndGlobalSection
	GlobalSection(ExtensibilityGlobals) = postSolution
		SolutionGuid = {AFED3C86-E207-4D08-8F7D-8A326F8041DC}
	EndGlobalSection
EndGlobal
