
Microsoft Visual Studio Solution File, Format Version 12.00
# Visual Studio Version 16
VisualStudioVersion = 16.0.30320.27
MinimumVisualStudioVersion = 10.0.40219.1
Project("{FAE04EC0-301F-11D3-BF4B-00C04F79EFBC}") = "73 - REF e OUT", "73 - REF e OUT\73 - REF e OUT.csproj", "{36F169CA-74C0-4BC9-BC16-80B18E2F2400}"
EndProject
Global
	GlobalSection(SolutionConfigurationPlatforms) = preSolution
		Debug|Any CPU = Debug|Any CPU
		Release|Any CPU = Release|Any CPU
	EndGlobalSection
	GlobalSection(ProjectConfigurationPlatforms) = postSolution
		{36F169CA-74C0-4BC9-BC16-80B18E2F2400}.Debug|Any CPU.ActiveCfg = Debug|Any CPU
		{36F169CA-74C0-4BC9-BC16-80B18E2F2400}.Debug|Any CPU.Build.0 = Debug|Any CPU
		{36F169CA-74C0-4BC9-BC16-80B18E2F2400}.Release|Any CPU.ActiveCfg = Release|Any CPU
		{36F169CA-74C0-4BC9-BC16-80B18E2F2400}.Release|Any CPU.Build.0 = Release|Any CPU
	EndGlobalSection
	GlobalSection(SolutionProperties) = preSolution
		HideSolutionNode = FALSE
	EndGlobalSection
	GlobalSection(ExtensibilityGlobals) = postSolution
		SolutionGuid = {C7CD930F-36C1-4563-A673-B8F56F8FA376}
	EndGlobalSection
EndGlobal
