
Microsoft Visual Studio Solution File, Format Version 12.00
# Visual Studio Version 16
VisualStudioVersion = 16.0.30320.27
MinimumVisualStudioVersion = 10.0.40219.1
Project("{FAE04EC0-301F-11D3-BF4B-00C04F79EFBC}") = "188 - Bloco Using", "188 - Bloco Using\188 - Bloco Using.csproj", "{CBC7C0D7-AD56-46DF-B760-8C0B15CAA9D9}"
EndProject
Global
	GlobalSection(SolutionConfigurationPlatforms) = preSolution
		Debug|Any CPU = Debug|Any CPU
		Release|Any CPU = Release|Any CPU
	EndGlobalSection
	GlobalSection(ProjectConfigurationPlatforms) = postSolution
		{CBC7C0D7-AD56-46DF-B760-8C0B15CAA9D9}.Debug|Any CPU.ActiveCfg = Debug|Any CPU
		{CBC7C0D7-AD56-46DF-B760-8C0B15CAA9D9}.Debug|Any CPU.Build.0 = Debug|Any CPU
		{CBC7C0D7-AD56-46DF-B760-8C0B15CAA9D9}.Release|Any CPU.ActiveCfg = Release|Any CPU
		{CBC7C0D7-AD56-46DF-B760-8C0B15CAA9D9}.Release|Any CPU.Build.0 = Release|Any CPU
	EndGlobalSection
	GlobalSection(SolutionProperties) = preSolution
		HideSolutionNode = FALSE
	EndGlobalSection
	GlobalSection(ExtensibilityGlobals) = postSolution
		SolutionGuid = {19268CCD-790E-4D52-B0CE-BAF4764D9F3B}
	EndGlobalSection
EndGlobal
