
Microsoft Visual Studio Solution File, Format Version 12.00
# Visual Studio Version 16
VisualStudioVersion = 16.0.30320.27
MinimumVisualStudioVersion = 10.0.40219.1
Project("{FAE04EC0-301F-11D3-BF4B-00C04F79EFBC}") = "21 - Conversão implícita e casting", "21 - Conversão implícita e casting\21 - Conversão implícita e casting.csproj", "{E63D1C88-EBDC-4DA6-B68B-E939F3E6D08D}"
EndProject
Global
	GlobalSection(SolutionConfigurationPlatforms) = preSolution
		Debug|Any CPU = Debug|Any CPU
		Release|Any CPU = Release|Any CPU
	EndGlobalSection
	GlobalSection(ProjectConfigurationPlatforms) = postSolution
		{E63D1C88-EBDC-4DA6-B68B-E939F3E6D08D}.Debug|Any CPU.ActiveCfg = Debug|Any CPU
		{E63D1C88-EBDC-4DA6-B68B-E939F3E6D08D}.Debug|Any CPU.Build.0 = Debug|Any CPU
		{E63D1C88-EBDC-4DA6-B68B-E939F3E6D08D}.Release|Any CPU.ActiveCfg = Release|Any CPU
		{E63D1C88-EBDC-4DA6-B68B-E939F3E6D08D}.Release|Any CPU.Build.0 = Release|Any CPU
	EndGlobalSection
	GlobalSection(SolutionProperties) = preSolution
		HideSolutionNode = FALSE
	EndGlobalSection
	GlobalSection(ExtensibilityGlobals) = postSolution
		SolutionGuid = {9BE8748A-FF23-4DB7-8F2A-3132855240E8}
	EndGlobalSection
EndGlobal
