
Microsoft Visual Studio Solution File, Format Version 12.00
# Visual Studio Version 16
VisualStudioVersion = 16.0.30320.27
MinimumVisualStudioVersion = 10.0.40219.1
Project("{FAE04EC0-301F-11D3-BF4B-00C04F79EFBC}") = "92 - Propriedades TimeSpan", "92 - Propriedades TimeSpan\92 - Propriedades TimeSpan.csproj", "{60FE45CD-C020-4A69-9276-A9235CB39D6A}"
EndProject
Global
	GlobalSection(SolutionConfigurationPlatforms) = preSolution
		Debug|Any CPU = Debug|Any CPU
		Release|Any CPU = Release|Any CPU
	EndGlobalSection
	GlobalSection(ProjectConfigurationPlatforms) = postSolution
		{60FE45CD-C020-4A69-9276-A9235CB39D6A}.Debug|Any CPU.ActiveCfg = Debug|Any CPU
		{60FE45CD-C020-4A69-9276-A9235CB39D6A}.Debug|Any CPU.Build.0 = Debug|Any CPU
		{60FE45CD-C020-4A69-9276-A9235CB39D6A}.Release|Any CPU.ActiveCfg = Release|Any CPU
		{60FE45CD-C020-4A69-9276-A9235CB39D6A}.Release|Any CPU.Build.0 = Release|Any CPU
	EndGlobalSection
	GlobalSection(SolutionProperties) = preSolution
		HideSolutionNode = FALSE
	EndGlobalSection
	GlobalSection(ExtensibilityGlobals) = postSolution
		SolutionGuid = {72F14A45-1B30-478E-85D5-E1CE6279C6CB}
	EndGlobalSection
EndGlobal
