
Microsoft Visual Studio Solution File, Format Version 12.00
# Visual Studio Version 16
VisualStudioVersion = 16.0.30320.27
MinimumVisualStudioVersion = 10.0.40219.1
Project("{FAE04EC0-301F-11D3-BF4B-00C04F79EFBC}") = "212 - Exercicio conjuntos", "212 - Exercicio conjuntos\212 - Exercicio conjuntos.csproj", "{067B72FF-0E2D-4CE6-8514-C87DD77494FA}"
EndProject
Global
	GlobalSection(SolutionConfigurationPlatforms) = preSolution
		Debug|Any CPU = Debug|Any CPU
		Release|Any CPU = Release|Any CPU
	EndGlobalSection
	GlobalSection(ProjectConfigurationPlatforms) = postSolution
		{067B72FF-0E2D-4CE6-8514-C87DD77494FA}.Debug|Any CPU.ActiveCfg = Debug|Any CPU
		{067B72FF-0E2D-4CE6-8514-C87DD77494FA}.Debug|Any CPU.Build.0 = Debug|Any CPU
		{067B72FF-0E2D-4CE6-8514-C87DD77494FA}.Release|Any CPU.ActiveCfg = Release|Any CPU
		{067B72FF-0E2D-4CE6-8514-C87DD77494FA}.Release|Any CPU.Build.0 = Release|Any CPU
	EndGlobalSection
	GlobalSection(SolutionProperties) = preSolution
		HideSolutionNode = FALSE
	EndGlobalSection
	GlobalSection(ExtensibilityGlobals) = postSolution
		SolutionGuid = {3C900EC8-FAC1-449A-A1F3-06B029AAB22E}
	EndGlobalSection
EndGlobal
