
Microsoft Visual Studio Solution File, Format Version 12.00
# Visual Studio Version 16
VisualStudioVersion = 16.0.30320.27
MinimumVisualStudioVersion = 10.0.40219.1
Project("{FAE04EC0-301F-11D3-BF4B-00C04F79EFBC}") = "126 - Herança", "126 - Herança\126 - Herança.csproj", "{74793315-CC17-4B8D-8FF0-B14BF51CC557}"
EndProject
Global
	GlobalSection(SolutionConfigurationPlatforms) = preSolution
		Debug|Any CPU = Debug|Any CPU
		Release|Any CPU = Release|Any CPU
	EndGlobalSection
	GlobalSection(ProjectConfigurationPlatforms) = postSolution
		{74793315-CC17-4B8D-8FF0-B14BF51CC557}.Debug|Any CPU.ActiveCfg = Debug|Any CPU
		{74793315-CC17-4B8D-8FF0-B14BF51CC557}.Debug|Any CPU.Build.0 = Debug|Any CPU
		{74793315-CC17-4B8D-8FF0-B14BF51CC557}.Release|Any CPU.ActiveCfg = Release|Any CPU
		{74793315-CC17-4B8D-8FF0-B14BF51CC557}.Release|Any CPU.Build.0 = Release|Any CPU
	EndGlobalSection
	GlobalSection(SolutionProperties) = preSolution
		HideSolutionNode = FALSE
	EndGlobalSection
	GlobalSection(ExtensibilityGlobals) = postSolution
		SolutionGuid = {A0020CE4-1358-46F9-BA9D-C8BC9489C910}
	EndGlobalSection
EndGlobal
