
Microsoft Visual Studio Solution File, Format Version 12.00
# Visual Studio Version 16
VisualStudioVersion = 16.0.30320.27
MinimumVisualStudioVersion = 10.0.40219.1
Project("{FAE04EC0-301F-11D3-BF4B-00C04F79EFBC}") = "201 - Problema do diamante", "201 - Problema do diamante\201 - Problema do diamante.csproj", "{AB0C052E-343D-4BF2-83F0-097E38194E6D}"
EndProject
Global
	GlobalSection(SolutionConfigurationPlatforms) = preSolution
		Debug|Any CPU = Debug|Any CPU
		Release|Any CPU = Release|Any CPU
	EndGlobalSection
	GlobalSection(ProjectConfigurationPlatforms) = postSolution
		{AB0C052E-343D-4BF2-83F0-097E38194E6D}.Debug|Any CPU.ActiveCfg = Debug|Any CPU
		{AB0C052E-343D-4BF2-83F0-097E38194E6D}.Debug|Any CPU.Build.0 = Debug|Any CPU
		{AB0C052E-343D-4BF2-83F0-097E38194E6D}.Release|Any CPU.ActiveCfg = Release|Any CPU
		{AB0C052E-343D-4BF2-83F0-097E38194E6D}.Release|Any CPU.Build.0 = Release|Any CPU
	EndGlobalSection
	GlobalSection(SolutionProperties) = preSolution
		HideSolutionNode = FALSE
	EndGlobalSection
	GlobalSection(ExtensibilityGlobals) = postSolution
		SolutionGuid = {AFFBEC00-F19C-478A-88FB-734275B95A08}
	EndGlobalSection
EndGlobal
