
Microsoft Visual Studio Solution File, Format Version 12.00
# Visual Studio Version 16
VisualStudioVersion = 16.0.30320.27
MinimumVisualStudioVersion = 10.0.40219.1
Project("{FAE04EC0-301F-11D3-BF4B-00C04F79EFBC}") = "Seção 12 - Sistema de Xadrez", "Seção 13 - Sistema de Xadrez\Seção 12 - Sistema de Xadrez.csproj", "{95088BEC-25F9-43D0-9A01-374FF45DDEF2}"
EndProject
Global
	GlobalSection(SolutionConfigurationPlatforms) = preSolution
		Debug|Any CPU = Debug|Any CPU
		Release|Any CPU = Release|Any CPU
	EndGlobalSection
	GlobalSection(ProjectConfigurationPlatforms) = postSolution
		{95088BEC-25F9-43D0-9A01-374FF45DDEF2}.Debug|Any CPU.ActiveCfg = Debug|Any CPU
		{95088BEC-25F9-43D0-9A01-374FF45DDEF2}.Debug|Any CPU.Build.0 = Debug|Any CPU
		{95088BEC-25F9-43D0-9A01-374FF45DDEF2}.Release|Any CPU.ActiveCfg = Release|Any CPU
		{95088BEC-25F9-43D0-9A01-374FF45DDEF2}.Release|Any CPU.Build.0 = Release|Any CPU
	EndGlobalSection
	GlobalSection(SolutionProperties) = preSolution
		HideSolutionNode = FALSE
	EndGlobalSection
	GlobalSection(ExtensibilityGlobals) = postSolution
		SolutionGuid = {66DED419-1305-4F68-8CAC-2D40CCD78B2D}
	EndGlobalSection
EndGlobal
