
Microsoft Visual Studio Solution File, Format Version 12.00
# Visual Studio Version 16
VisualStudioVersion = 16.0.30320.27
MinimumVisualStudioVersion = 10.0.40219.1
Project("{FAE04EC0-301F-11D3-BF4B-00C04F79EFBC}") = "225 - Func", "225 - Func\225 - Func.csproj", "{6230BAA3-4864-4D18-BBDB-A9805ACBFDE8}"
EndProject
Global
	GlobalSection(SolutionConfigurationPlatforms) = preSolution
		Debug|Any CPU = Debug|Any CPU
		Release|Any CPU = Release|Any CPU
	EndGlobalSection
	GlobalSection(ProjectConfigurationPlatforms) = postSolution
		{6230BAA3-4864-4D18-BBDB-A9805ACBFDE8}.Debug|Any CPU.ActiveCfg = Debug|Any CPU
		{6230BAA3-4864-4D18-BBDB-A9805ACBFDE8}.Debug|Any CPU.Build.0 = Debug|Any CPU
		{6230BAA3-4864-4D18-BBDB-A9805ACBFDE8}.Release|Any CPU.ActiveCfg = Release|Any CPU
		{6230BAA3-4864-4D18-BBDB-A9805ACBFDE8}.Release|Any CPU.Build.0 = Release|Any CPU
	EndGlobalSection
	GlobalSection(SolutionProperties) = preSolution
		HideSolutionNode = FALSE
	EndGlobalSection
	GlobalSection(ExtensibilityGlobals) = postSolution
		SolutionGuid = {ACBCE0E4-5439-4F93-BE86-3850C50A03BB}
	EndGlobalSection
EndGlobal
